# THIS IS AN AUTOGENERATED FILE. DO NOT EDIT THIS FILE DIRECTLY.
# yarn lockfile v1


"@vant/area-data@^1.1.1":
  version "1.1.1"
  resolved "https://registry.yarnpkg.com/@vant/area-data/-/area-data-1.1.1.tgz#b9acf8a804c0d60f721b6900680299422b006b1a"

"@vant/weapp@^1.6.8":
  version "1.6.8"
  resolved "https://registry.yarnpkg.com/@vant/weapp/-/weapp-1.6.8.tgz#948ae16fba07c5a2054c52783f22aaf6a04453e1"
